{
  "requires": true,
  "lockfileVersion": 1,
  "dependencies": {
    "jquery": {
      "version": "3.2.1",
      "resolved": "http://registry.npm.taobao.org/jquery/download/jquery-3.2.1.tgz",
      "integrity": "sha1-XE2d5lKvbNCncBVKYxu6ErAVx4c="
    },
    "requirejs": {
      "version": "2.3.4",
      "resolved": "http://registry.npm.taobao.org/requirejs/download/requirejs-2.3.4.tgz",
      "integrity": "sha1-9FxI5m6/DxY9pX9uDPQP1XmW71A="
    }
  }
}
